
Microsoft Visual Studio Solution File, Format Version 12.00
# Visual Studio Version 17
VisualStudioVersion = 17.0.31903.59
MinimumVisualStudioVersion = 10.0.40219.1
Project("{9A19103F-16F7-4668-BE54-9A1E7A4F7556}") = "CSV.ClassLib", "CSV.ClassLib\CSV.ClassLib.csproj", "{F727C8F0-6710-4E39-8038-589BCE204433}"
EndProject
Project("{9A19103F-16F7-4668-BE54-9A1E7A4F7556}") = "CSV.Console", "CSV.Console\CSV.Console.csproj", "{33145B90-BF37-4BFA-BCEA-DB259F793BEA}"
EndProject
Global
	GlobalSection(SolutionConfigurationPlatforms) = preSolution
		Debug|Any CPU = Debug|Any CPU
		Release|Any CPU = Release|Any CPU
	EndGlobalSection
	GlobalSection(ProjectConfigurationPlatforms) = postSolution
		{F727C8F0-6710-4E39-8038-589BCE204433}.Debug|Any CPU.ActiveCfg = Debug|Any CPU
		{F727C8F0-6710-4E39-8038-589BCE204433}.Debug|Any CPU.Build.0 = Debug|Any CPU
		{F727C8F0-6710-4E39-8038-589BCE204433}.Release|Any CPU.ActiveCfg = Release|Any CPU
		{F727C8F0-6710-4E39-8038-589BCE204433}.Release|Any CPU.Build.0 = Release|Any CPU
		{33145B90-BF37-4BFA-BCEA-DB259F793BEA}.Debug|Any CPU.ActiveCfg = Debug|Any CPU
		{33145B90-BF37-4BFA-BCEA-DB259F793BEA}.Debug|Any CPU.Build.0 = Debug|Any CPU
		{33145B90-BF37-4BFA-BCEA-DB259F793BEA}.Release|Any CPU.ActiveCfg = Release|Any CPU
		{33145B90-BF37-4BFA-BCEA-DB259F793BEA}.Release|Any CPU.Build.0 = Release|Any CPU
	EndGlobalSection
	GlobalSection(SolutionProperties) = preSolution
		HideSolutionNode = FALSE
	EndGlobalSection
	GlobalSection(ExtensibilityGlobals) = postSolution
		SolutionGuid = {858B5987-7F23-4FC4-B679-D912C6BA215C}
	EndGlobalSection
EndGlobal
